// !$*UTF8*$!
{
	archiveVersion = 1;
	classes = {
	};
	objectVersion = 46;
	objects = {

/* Begin PBXBuildFile section */
		36AEED64355BA61849556981 /* Pods_Tweet.framework in Frameworks */ = {isa = PBXBuildFile; fileRef = 44AEF46EC261949D67D6152B /* Pods_Tweet.framework */; };
		C9BBFABD1F7FB76A002B1487 /* TweetItem.swift in Sources */ = {isa = PBXBuildFile; fileRef = C9BBFABB1F7FB76A002B1487 /* TweetItem.swift */; };
		C9BBFABE1F7FB76A002B1487 /* TweetItem.xib in Resources */ = {isa = PBXBuildFile; fileRef = C9BBFABC1F7FB76A002B1487 /* TweetItem.xib */; };
		C9C41FB91F701E4A0028F463 /* AppDelegate.swift in Sources */ = {isa = PBXBuildFile; fileRef = C9C41FB81F701E4A0028F463 /* AppDelegate.swift */; };
		C9C41FBB1F701E4A0028F463 /* ViewController.swift in Sources */ = {isa = PBXBuildFile; fileRef = C9C41FBA1F701E4A0028F463 /* ViewController.swift */; };
		C9C41FBD1F701E4A0028F463 /* Assets.xcassets in Resources */ = {isa = PBXBuildFile; fileRef = C9C41FBC1F701E4A0028F463 /* Assets.xcassets */; };
		C9C41FC01F701E4A0028F463 /* Main.storyboard in Resources */ = {isa = PBXBuildFile; fileRef = C9C41FBE1F701E4A0028F463 /* Main.storyboard */; };
/* End PBXBuildFile section */

/* Begin PBXFileReference section */
		2A9AF0110CFEF5DDDFB83372 /* Pods-Tweet.release.xcconfig */ = {isa = PBXFileReference; includeInIndex = 1; lastKnownFileType = text.xcconfig; name = "Pods-Tweet.release.xcconfig"; path = "Pods/Target Support Files/Pods-Tweet/Pods-Tweet.release.xcconfig"; sourceTree = "<group>"; };
		44AEF46EC261949D67D6152B /* Pods_Tweet.framework */ = {isa = PBXFileReference; explicitFileType = wrapper.framework; includeInIndex = 0; path = Pods_Tweet.framework; sourceTree = BUILT_PRODUCTS_DIR; };
		C9BBFABB1F7FB76A002B1487 /* TweetItem.swift */ = {isa = PBXFileReference; lastKnownFileType = sourcecode.swift; path = TweetItem.swift; sourceTree = "<group>"; };
		C9BBFABC1F7FB76A002B1487 /* TweetItem.xib */ = {isa = PBXFileReference; lastKnownFileType = file.xib; path = TweetItem.xib; sourceTree = "<group>"; };
		C9C41FB51F701E4A0028F463 /* Tweet.app */ = {isa = PBXFileReference; explicitFileType = wrapper.application; includeInIndex = 0; path = Tweet.app; sourceTree = BUILT_PRODUCTS_DIR; };
		C9C41FB81F701E4A0028F463 /* AppDelegate.swift */ = {isa = PBXFileReference; lastKnownFileType = sourcecode.swift; path = AppDelegate.swift; sourceTree = "<group>"; };
		C9C41FBA1F701E4A0028F463 /* ViewController.swift */ = {isa = PBXFileReference; lastKnownFileType = sourcecode.swift; path = ViewController.swift; sourceTree = "<group>"; };
		C9C41FBC1F701E4A0028F463 /* Assets.xcassets */ = {isa = PBXFileReference; lastKnownFileType = folder.assetcatalog; path = Assets.xcassets; sourceTree = "<group>"; };
		C9C41FBF1F701E4A0028F463 /* Base */ = {isa = PBXFileReference; lastKnownFileType = file.storyboard; name = Base; path = Base.lproj/Main.storyboard; sourceTree = "<group>"; };
		C9C41FC11F701E4A0028F463 /* Info.plist */ = {isa = PBXFileReference; lastKnownFileType = text.plist.xml; path = Info.plist; sourceTree = "<group>"; };
		D129109BC16957BF5084F3B3 /* Pods-Tweet.debug.xcconfig */ = {isa = PBXFileReference; includeInIndex = 1; lastKnownFileType = text.xcconfig; name = "Pods-Tweet.debug.xcconfig"; path = "Pods/Target Support Files/Pods-Tweet/Pods-Tweet.debug.xcconfig"; sourceTree = "<group>"; };
/* End PBXFileReference section */

/* Begin PBXFrameworksBuildPhase section */
		C9C41FB21F701E4A0028F463 /* Frameworks */ = {
			isa = PBXFrameworksBuildPhase;
			buildActionMask = 2147483647;
			files = (
				36AEED64355BA61849556981 /* Pods_Tweet.framework in Frameworks */,
			);
			runOnlyForDeploymentPostprocessing = 0;
		};
/* End PBXFrameworksBuildPhase section */

/* Begin PBXGroup section */
		21406AE6B81FE84F0BC39635 /* Pods */ = {
			isa = PBXGroup;
			children = (
				D129109BC16957BF5084F3B3 /* Pods-Tweet.debug.xcconfig */,
				2A9AF0110CFEF5DDDFB83372 /* Pods-Tweet.release.xcconfig */,
			);
			name = Pods;
			sourceTree = "<group>";
		};
		B8C19F9668E7640E062956CB /* Frameworks */ = {
			isa = PBXGroup;
			children = (
				44AEF46EC261949D67D6152B /* Pods_Tweet.framework */,
			);
			name = Frameworks;
			sourceTree = "<group>";
		};
		C9C41FAC1F701E4A0028F463 = {
			isa = PBXGroup;
			children = (
				C9C41FB71F701E4A0028F463 /* Tweet */,
				C9C41FB61F701E4A0028F463 /* Products */,
				21406AE6B81FE84F0BC39635 /* Pods */,
				B8C19F9668E7640E062956CB /* Frameworks */,
			);
			sourceTree = "<group>";
		};
		C9C41FB61F701E4A0028F463 /* Products */ = {
			isa = PBXGroup;
			children = (
				C9C41FB51F701E4A0028F463 /* Tweet.app */,
			);
			name = Products;
			sourceTree = "<group>";
		};
		C9C41FB71F701E4A0028F463 /* Tweet */ = {
			isa = PBXGroup;
			children = (
				C9C41FB81F701E4A0028F463 /* AppDelegate.swift */,
				C9C41FBA1F701E4A0028F463 /* ViewController.swift */,
				C9BBFABB1F7FB76A002B1487 /* TweetItem.swift */,
				C9BBFABC1F7FB76A002B1487 /* TweetItem.xib */,
				C9C41FBC1F701E4A0028F463 /* Assets.xcassets */,
				C9C41FBE1F701E4A0028F463 /* Main.storyboard */,
				C9C41FC11F701E4A0028F463 /* Info.plist */,
			);
			path = Tweet;
			sourceTree = "<group>";
		};
/* End PBXGroup section */

/* Begin PBXNativeTarget section */
		C9C41FB41F701E4A0028F463 /* Tweet */ = {
			isa = PBXNativeTarget;
			buildConfigurationList = C9C41FC41F701E4A0028F463 /* Build configuration list for PBXNativeTarget "Tweet" */;
			buildPhases = (
				2C7C01C83673AEC56C25F841 /* [CP] Check Pods Manifest.lock */,
				C9C41FB11F701E4A0028F463 /* Sources */,
				C9C41FB21F701E4A0028F463 /* Frameworks */,
				C9C41FB31F701E4A0028F463 /* Resources */,
				46AED29A03D7BBE119DC5F6C /* [CP] Embed Pods Frameworks */,
				33337B5F008ACB14400E8673 /* [CP] Copy Pods Resources */,
			);
			buildRules = (
			);
			dependencies = (
			);
			name = Tweet;
			productName = Tweet;
			productReference = C9C41FB51F701E4A0028F463 /* Tweet.app */;
			productType = "com.apple.product-type.application";
		};
/* End PBXNativeTarget section */

/* Begin PBXProject section */
		C9C41FAD1F701E4A0028F463 /* Project object */ = {
			isa = PBXProject;
			attributes = {
				LastSwiftUpdateCheck = 0830;
				LastUpgradeCheck = 0830;
				ORGANIZATIONNAME = "JOHN KENNY";
				TargetAttributes = {
					C9C41FB41F701E4A0028F463 = {
						CreatedOnToolsVersion = 8.3.3;
						DevelopmentTeam = RX98TCH4D4;
						ProvisioningStyle = Automatic;
					};
				};
			};
			buildConfigurationList = C9C41FB01F701E4A0028F463 /* Build configuration list for PBXProject "Tweet" */;
			compatibilityVersion = "Xcode 3.2";
			developmentRegion = English;
			hasScannedForEncodings = 0;
			knownRegions = (
				en,
				Base,
			);
			mainGroup = C9C41FAC1F701E4A0028F463;
			productRefGroup = C9C41FB61F701E4A0028F463 /* Products */;
			projectDirPath = "";
			projectRoot = "";
			targets = (
				C9C41FB41F701E4A0028F463 /* Tweet */,
			);
		};
/* End PBXProject section */

/* Begin PBXResourcesBuildPhase section */
		C9C41FB31F701E4A0028F463 /* Resources */ = {
			isa = PBXResourcesBuildPhase;
			buildActionMask = 2147483647;
			files = (
				C9C41FBD1F701E4A0028F463 /* Assets.xcassets in Resources */,
				C9C41FC01F701E4A0028F463 /* Main.storyboard in Resources */,
				C9BBFABE1F7FB76A002B1487 /* TweetItem.xib in Resources */,
			);
			runOnlyForDeploymentPostprocessing = 0;
		};
/* End PBXResourcesBuildPhase section */

/* Begin PBXShellScriptBuildPhase section */
		2C7C01C83673AEC56C25F841 /* [CP] Check Pods Manifest.lock */ = {
			isa = PBXShellScriptBuildPhase;
			buildActionMask = 2147483647;
			files = (
			);
			inputPaths = (
				"${PODS_PODFILE_DIR_PATH}/Podfile.lock",
				"${PODS_ROOT}/Manifest.lock",
			);
			name = "[CP] Check Pods Manifest.lock";
			outputPaths = (
				"$(DERIVED_FILE_DIR)/Pods-Tweet-checkManifestLockResult.txt",
			);
			runOnlyForDeploymentPostprocessing = 0;
			shellPath = /bin/sh;
			shellScript = "diff \"${PODS_PODFILE_DIR_PATH}/Podfile.lock\" \"${PODS_ROOT}/Manifest.lock\" > /dev/null\nif [ $? != 0 ] ; then\n    # print error to STDERR\n    echo \"error: The sandbox is not in sync with the Podfile.lock. Run 'pod install' or update your CocoaPods installation.\" >&2\n    exit 1\nfi\n# This output is used by Xcode 'outputs' to avoid re-running this script phase.\necho \"SUCCESS\" > \"${SCRIPT_OUTPUT_FILE_0}\"\n";
			showEnvVarsInLog = 0;
		};
		33337B5F008ACB14400E8673 /* [CP] Copy Pods Resources */ = {
			isa = PBXShellScriptBuildPhase;
			buildActionMask = 2147483647;
			files = (
			);
			inputPaths = (
			);
			name = "[CP] Copy Pods Resources";
			outputPaths = (
			);
			runOnlyForDeploymentPostprocessing = 0;
			shellPath = /bin/sh;
			shellScript = "\"${SRCROOT}/Pods/Target Support Files/Pods-Tweet/Pods-Tweet-resources.sh\"\n";
			showEnvVarsInLog = 0;
		};
		46AED29A03D7BBE119DC5F6C /* [CP] Embed Pods Frameworks */ = {
			isa = PBXShellScriptBuildPhase;
			buildActionMask = 2147483647;
			files = (
			);
			inputPaths = (
				"${SRCROOT}/Pods/Target Support Files/Pods-Tweet/Pods-Tweet-frameworks.sh",
				"${BUILT_PRODUCTS_DIR}/Kingfisher/Kingfisher.framework",
				"${BUILT_PRODUCTS_DIR}/OAuthSwift/OAuthSwift.framework",
				"${BUILT_PRODUCTS_DIR}/SwiftyJSON/SwiftyJSON.framework",
			);
			name = "[CP] Embed Pods Frameworks";
			outputPaths = (
				"${TARGET_BUILD_DIR}/${FRAMEWORKS_FOLDER_PATH}/Kingfisher.framework",
				"${TARGET_BUILD_DIR}/${FRAMEWORKS_FOLDER_PATH}/OAuthSwift.framework",
				"${TARGET_BUILD_DIR}/${FRAMEWORKS_FOLDER_PATH}/SwiftyJSON.framework",
			);
			runOnlyForDeploymentPostprocessing = 0;
			shellPath = /bin/sh;
			shellScript = "\"${SRCROOT}/Pods/Target Support Files/Pods-Tweet/Pods-Tweet-frameworks.sh\"\n";
			showEnvVarsInLog = 0;
		};
/* End PBXShellScriptBuildPhase section */

/* Begin PBXSourcesBuildPhase section */
		C9C41FB11F701E4A0028F463 /* Sources */ = {
			isa = PBXSourcesBuildPhase;
			buildActionMask = 2147483647;
			files = (
				C9C41FBB1F701E4A0028F463 /* ViewController.swift in Sources */,
				C9BBFABD1F7FB76A002B1487 /* TweetItem.swift in Sources */,
				C9C41FB91F701E4A0028F463 /* AppDelegate.swift in Sources */,
			);
			runOnlyForDeploymentPostprocessing = 0;
		};
/* End PBXSourcesBuildPhase section */

/* Begin PBXVariantGroup section */
		C9C41FBE1F701E4A0028F463 /* Main.storyboard */ = {
			isa = PBXVariantGroup;
			children = (
				C9C41FBF1F701E4A0028F463 /* Base */,
			);
			name = Main.storyboard;
			sourceTree = "<group>";
		};
/* End PBXVariantGroup section */

/* Begin XCBuildConfiguration section */
		C9C41FC21F701E4A0028F463 /* Debug */ = {
			isa = XCBuildConfiguration;
			buildSettings = {
				ALWAYS_SEARCH_USER_PATHS = NO;
				CLANG_ANALYZER_NONNULL = YES;
				CLANG_ANALYZER_NUMBER_OBJECT_CONVERSION = YES_AGGRESSIVE;
				CLANG_CXX_LANGUAGE_STANDARD = "gnu++0x";
				CLANG_CXX_LIBRARY = "libc++";
				CLANG_ENABLE_MODULES = YES;
				CLANG_ENABLE_OBJC_ARC = YES;
				CLANG_WARN_BOOL_CONVERSION = YES;
				CLANG_WARN_CONSTANT_CONVERSION = YES;
				CLANG_WARN_DIRECT_OBJC_ISA_USAGE = YES_ERROR;
				CLANG_WARN_DOCUMENTATION_COMMENTS = YES;
				CLANG_WARN_EMPTY_BODY = YES;
				CLANG_WARN_ENUM_CONVERSION = YES;
				CLANG_WARN_INFINITE_RECURSION = YES;
				CLANG_WARN_INT_CONVERSION = YES;
				CLANG_WARN_OBJC_ROOT_CLASS = YES_ERROR;
				CLANG_WARN_SUSPICIOUS_MOVE = YES;
				CLANG_WARN_UNREACHABLE_CODE = YES;
				CLANG_WARN__DUPLICATE_METHOD_MATCH = YES;
				CODE_SIGN_IDENTITY = "-";
				COPY_PHASE_STRIP = NO;
				DEBUG_INFORMATION_FORMAT = dwarf;
				ENABLE_STRICT_OBJC_MSGSEND = YES;
				ENABLE_TESTABILITY = YES;
				GCC_C_LANGUAGE_STANDARD = gnu99;
				GCC_DYNAMIC_NO_PIC = NO;
				GCC_NO_COMMON_BLOCKS = YES;
				GCC_OPTIMIZATION_LEVEL = 0;
				GCC_PREPROCESSOR_DEFINITIONS = (
					"DEBUG=1",
					"$(inherited)",
				);
				GCC_WARN_64_TO_32_BIT_CONVERSION = YES;
				GCC_WARN_ABOUT_RETURN_TYPE = YES_ERROR;
				GCC_WARN_UNDECLARED_SELECTOR = YES;
				GCC_WARN_UNINITIALIZED_AUTOS = YES_AGGRESSIVE;
				GCC_WARN_UNUSED_FUNCTION = YES;
				GCC_WARN_UNUSED_VARIABLE = YES;
				MACOSX_DEPLOYMENT_TARGET = 10.12;
				MTL_ENABLE_DEBUG_INFO = YES;
				ONLY_ACTIVE_ARCH = YES;
				SDKROOT = macosx;
				SWIFT_ACTIVE_COMPILATION_CONDITIONS = DEBUG;
				SWIFT_OPTIMIZATION_LEVEL = "-Onone";
			};
			name = Debug;
		};
		C9C41FC31F701E4A0028F463 /* Release */ = {
			isa = XCBuildConfiguration;
			buildSettings = {
				ALWAYS_SEARCH_USER_PATHS = NO;
				CLANG_ANALYZER_NONNULL = YES;
				CLANG_ANALYZER_NUMBER_OBJECT_CONVERSION = YES_AGGRESSIVE;
				CLANG_CXX_LANGUAGE_STANDARD = "gnu++0x";
				CLANG_CXX_LIBRARY = "libc++";
				CLANG_ENABLE_MODULES = YES;
				CLANG_ENABLE_OBJC_ARC = YES;
				CLANG_WARN_BOOL_CONVERSION = YES;
				CLANG_WARN_CONSTANT_CONVERSION = YES;
				CLANG_WARN_DIRECT_OBJC_ISA_USAGE = YES_ERROR;
				CLANG_WARN_DOCUMENTATION_COMMENTS = YES;
				CLANG_WARN_EMPTY_BODY = YES;
				CLANG_WARN_ENUM_CONVERSION = YES;
				CLANG_WARN_INFINITE_RECURSION = YES;
				CLANG_WARN_INT_CONVERSION = YES;
				CLANG_WARN_OBJC_ROOT_CLASS = YES_ERROR;
				CLANG_WARN_SUSPICIOUS_MOVE = YES;
				CLANG_WARN_UNREACHABLE_CODE = YES;
				CLANG_WARN__DUPLICATE_METHOD_MATCH = YES;
				CODE_SIGN_IDENTITY = "-";
				COPY_PHASE_STRIP = NO;
				DEBUG_INFORMATION_FORMAT = "dwarf-with-dsym";
				ENABLE_NS_ASSERTIONS = NO;
				ENABLE_STRICT_OBJC_MSGSEND = YES;
				GCC_C_LANGUAGE_STANDARD = gnu99;
				GCC_NO_COMMON_BLOCKS = YES;
				GCC_WARN_64_TO_32_BIT_CONVERSION = YES;
				GCC_WARN_ABOUT_RETURN_TYPE = YES_ERROR;
				GCC_WARN_UNDECLARED_SELECTOR = YES;
				GCC_WARN_UNINITIALIZED_AUTOS = YES_AGGRESSIVE;
				GCC_WARN_UNUSED_FUNCTION = YES;
				GCC_WARN_UNUSED_VARIABLE = YES;
				MACOSX_DEPLOYMENT_TARGET = 10.12;
				MTL_ENABLE_DEBUG_INFO = NO;
				SDKROOT = macosx;
				SWIFT_OPTIMIZATION_LEVEL = "-Owholemodule";
			};
			name = Release;
		};
		C9C41FC51F701E4A0028F463 /* Debug */ = {
			isa = XCBuildConfiguration;
			baseConfigurationReference = D129109BC16957BF5084F3B3 /* Pods-Tweet.debug.xcconfig */;
			buildSettings = {
				ASSETCATALOG_COMPILER_APPICON_NAME = AppIcon;
				COMBINE_HIDPI_IMAGES = YES;
				DEVELOPMENT_TEAM = RX98TCH4D4;
				INFOPLIST_FILE = Tweet/Info.plist;
				LD_RUNPATH_SEARCH_PATHS = "$(inherited) @executable_path/../Frameworks";
				PRODUCT_BUNDLE_IDENTIFIER = seanjohn85.github.com.Tweet;
				PRODUCT_NAME = "$(TARGET_NAME)";
				SWIFT_VERSION = 3.0;
			};
			name = Debug;
		};
		C9C41FC61F701E4A0028F463 /* Release */ = {
			isa = XCBuildConfiguration;
			baseConfigurationReference = 2A9AF0110CFEF5DDDFB83372 /* Pods-Tweet.release.xcconfig */;
			buildSettings = {
				ASSETCATALOG_COMPILER_APPICON_NAME = AppIcon;
				COMBINE_HIDPI_IMAGES = YES;
				DEVELOPMENT_TEAM = RX98TCH4D4;
				INFOPLIST_FILE = Tweet/Info.plist;
				LD_RUNPATH_SEARCH_PATHS = "$(inherited) @executable_path/../Frameworks";
				PRODUCT_BUNDLE_IDENTIFIER = seanjohn85.github.com.Tweet;
				PRODUCT_NAME = "$(TARGET_NAME)";
				SWIFT_VERSION = 3.0;
			};
			name = Release;
		};
/* End XCBuildConfiguration section */

/* Begin XCConfigurationList section */
		C9C41FB01F701E4A0028F463 /* Build configuration list for PBXProject "Tweet" */ = {
			isa = XCConfigurationList;
			buildConfigurations = (
				C9C41FC21F701E4A0028F463 /* Debug */,
				C9C41FC31F701E4A0028F463 /* Release */,
			);
			defaultConfigurationIsVisible = 0;
			defaultConfigurationName = Release;
		};
		C9C41FC41F701E4A0028F463 /* Build configuration list for PBXNativeTarget "Tweet" */ = {
			isa = XCConfigurationList;
			buildConfigurations = (
				C9C41FC51F701E4A0028F463 /* Debug */,
				C9C41FC61F701E4A0028F463 /* Release */,
			);
			defaultConfigurationIsVisible = 0;
			defaultConfigurationName = Release;
		};
/* End XCConfigurationList section */
	};
	rootObject = C9C41FAD1F701E4A0028F463 /* Project object */;
}
